
Microsoft Visual Studio Solution File, Format Version 12.00
# Visual Studio Version 17
VisualStudioVersion = 17.6.33829.357
MinimumVisualStudioVersion = 10.0.40219.1
Project("{FAE04EC0-301F-11D3-BF4B-00C04F79EFBC}") = "AnimalInterface", "AnimalInterface\AnimalInterface.csproj", "{E5719A26-0FC7-4681-99F8-89281A118D1B}"
EndProject
Global
	GlobalSection(SolutionConfigurationPlatforms) = preSolution
		Debug|Any CPU = Debug|Any CPU
		Release|Any CPU = Release|Any CPU
	EndGlobalSection
	GlobalSection(ProjectConfigurationPlatforms) = postSolution
		{E5719A26-0FC7-4681-99F8-89281A118D1B}.Debug|Any CPU.ActiveCfg = Debug|Any CPU
		{E5719A26-0FC7-4681-99F8-89281A118D1B}.Debug|Any CPU.Build.0 = Debug|Any CPU
		{E5719A26-0FC7-4681-99F8-89281A118D1B}.Release|Any CPU.ActiveCfg = Release|Any CPU
		{E5719A26-0FC7-4681-99F8-89281A118D1B}.Release|Any CPU.Build.0 = Release|Any CPU
	EndGlobalSection
	GlobalSection(SolutionProperties) = preSolution
		HideSolutionNode = FALSE
	EndGlobalSection
	GlobalSection(ExtensibilityGlobals) = postSolution
		SolutionGuid = {B8F84948-1442-430F-8193-8FEA9283B3BB}
	EndGlobalSection
EndGlobal
